
Microsoft Visual Studio Solution File, Format Version 12.00
# Visual Studio 15
VisualStudioVersion = 15.0.27703.2035
MinimumVisualStudioVersion = 10.0.40219.1
Project("{FAE04EC0-301F-11D3-BF4B-00C04F79EFBC}") = "myVPN", "myVPN\myVPN.csproj", "{A6B61FCE-16EA-4170-9D6B-6D46A89F4674}"
EndProject
Project("{FAE04EC0-301F-11D3-BF4B-00C04F79EFBC}") = "DataAccess", "DataAccess\DataAccess.csproj", "{6EAA6547-07B0-41BC-BD89-A5F8D9E3D207}"
EndProject
Project("{FAE04EC0-301F-11D3-BF4B-00C04F79EFBC}") = "PptpAPI", "PptpAPI\PptpAPI.csproj", "{D172DC39-075C-4E21-96DC-21A3DDD2217C}"
EndProject
Global
	GlobalSection(SolutionConfigurationPlatforms) = preSolution
		Debug|Any CPU = Debug|Any CPU
		Release|Any CPU = Release|Any CPU
	EndGlobalSection
	GlobalSection(ProjectConfigurationPlatforms) = postSolution
		{A6B61FCE-16EA-4170-9D6B-6D46A89F4674}.Debug|Any CPU.ActiveCfg = Debug|Any CPU
		{A6B61FCE-16EA-4170-9D6B-6D46A89F4674}.Debug|Any CPU.Build.0 = Debug|Any CPU
		{A6B61FCE-16EA-4170-9D6B-6D46A89F4674}.Release|Any CPU.ActiveCfg = Release|Any CPU
		{A6B61FCE-16EA-4170-9D6B-6D46A89F4674}.Release|Any CPU.Build.0 = Release|Any CPU
		{6EAA6547-07B0-41BC-BD89-A5F8D9E3D207}.Debug|Any CPU.ActiveCfg = Debug|Any CPU
		{6EAA6547-07B0-41BC-BD89-A5F8D9E3D207}.Debug|Any CPU.Build.0 = Debug|Any CPU
		{6EAA6547-07B0-41BC-BD89-A5F8D9E3D207}.Release|Any CPU.ActiveCfg = Release|Any CPU
		{6EAA6547-07B0-41BC-BD89-A5F8D9E3D207}.Release|Any CPU.Build.0 = Release|Any CPU
		{D172DC39-075C-4E21-96DC-21A3DDD2217C}.Debug|Any CPU.ActiveCfg = Debug|Any CPU
		{D172DC39-075C-4E21-96DC-21A3DDD2217C}.Debug|Any CPU.Build.0 = Debug|Any CPU
		{D172DC39-075C-4E21-96DC-21A3DDD2217C}.Release|Any CPU.ActiveCfg = Release|Any CPU
		{D172DC39-075C-4E21-96DC-21A3DDD2217C}.Release|Any CPU.Build.0 = Release|Any CPU
	EndGlobalSection
	GlobalSection(SolutionProperties) = preSolution
		HideSolutionNode = FALSE
	EndGlobalSection
	GlobalSection(ExtensibilityGlobals) = postSolution
		SolutionGuid = {6E8C5C8A-EA3A-41BE-9CC6-52612F7752B9}
	EndGlobalSection
EndGlobal
